
Microsoft Visual Studio Solution File, Format Version 12.00
# Visual Studio 15
VisualStudioVersion = 15.0.28307.106
MinimumVisualStudioVersion = 10.0.40219.1
Project("{FAE04EC0-301F-11D3-BF4B-00C04F79EFBC}") = "ExceptionHandling", "ExceptionHandling\ExceptionHandling.csproj", "{62F333F7-42EB-4BF2-917F-98226A5F7088}"
EndProject
Global
	GlobalSection(SolutionConfigurationPlatforms) = preSolution
		Debug|Any CPU = Debug|Any CPU
		Release|Any CPU = Release|Any CPU
	EndGlobalSection
	GlobalSection(ProjectConfigurationPlatforms) = postSolution
		{62F333F7-42EB-4BF2-917F-98226A5F7088}.Debug|Any CPU.ActiveCfg = Debug|Any CPU
		{62F333F7-42EB-4BF2-917F-98226A5F7088}.Debug|Any CPU.Build.0 = Debug|Any CPU
		{62F333F7-42EB-4BF2-917F-98226A5F7088}.Release|Any CPU.ActiveCfg = Release|Any CPU
		{62F333F7-42EB-4BF2-917F-98226A5F7088}.Release|Any CPU.Build.0 = Release|Any CPU
	EndGlobalSection
	GlobalSection(SolutionProperties) = preSolution
		HideSolutionNode = FALSE
	EndGlobalSection
	GlobalSection(ExtensibilityGlobals) = postSolution
		SolutionGuid = {A42186E9-42CE-43F8-AAA6-289F3A169B32}
	EndGlobalSection
EndGlobal
