
Microsoft Visual Studio Solution File, Format Version 12.00
# Visual Studio 15
VisualStudioVersion = 15.0.28307.136
MinimumVisualStudioVersion = 10.0.40219.1
Project("{FAE04EC0-301F-11D3-BF4B-00C04F79EFBC}") = "EFDBFirstDemo.UI", "EFDBFirstDemo.UI\EFDBFirstDemo.UI.csproj", "{F42A1CC9-594F-48AD-8B37-4070C3C80BC8}"
EndProject
Project("{FAE04EC0-301F-11D3-BF4B-00C04F79EFBC}") = "EFDBFirstDemo.DataAccess", "EFDBFirstDemo.DataAccess\EFDBFirstDemo.DataAccess.csproj", "{35F28882-3068-4D22-AC67-9B754355A625}"
EndProject
Project("{FAE04EC0-301F-11D3-BF4B-00C04F79EFBC}") = "EFDBFirstDemo.Testing", "EFDBFirstDemo.Testing\EFDBFirstDemo.Testing.csproj", "{7CBB7294-ED76-4036-A0B9-F9568487DE80}"
EndProject
Global
	GlobalSection(SolutionConfigurationPlatforms) = preSolution
		Debug|Any CPU = Debug|Any CPU
		Release|Any CPU = Release|Any CPU
	EndGlobalSection
	GlobalSection(ProjectConfigurationPlatforms) = postSolution
		{F42A1CC9-594F-48AD-8B37-4070C3C80BC8}.Debug|Any CPU.ActiveCfg = Debug|Any CPU
		{F42A1CC9-594F-48AD-8B37-4070C3C80BC8}.Debug|Any CPU.Build.0 = Debug|Any CPU
		{F42A1CC9-594F-48AD-8B37-4070C3C80BC8}.Release|Any CPU.ActiveCfg = Release|Any CPU
		{F42A1CC9-594F-48AD-8B37-4070C3C80BC8}.Release|Any CPU.Build.0 = Release|Any CPU
		{35F28882-3068-4D22-AC67-9B754355A625}.Debug|Any CPU.ActiveCfg = Debug|Any CPU
		{35F28882-3068-4D22-AC67-9B754355A625}.Debug|Any CPU.Build.0 = Debug|Any CPU
		{35F28882-3068-4D22-AC67-9B754355A625}.Release|Any CPU.ActiveCfg = Release|Any CPU
		{35F28882-3068-4D22-AC67-9B754355A625}.Release|Any CPU.Build.0 = Release|Any CPU
		{7CBB7294-ED76-4036-A0B9-F9568487DE80}.Debug|Any CPU.ActiveCfg = Debug|Any CPU
		{7CBB7294-ED76-4036-A0B9-F9568487DE80}.Debug|Any CPU.Build.0 = Debug|Any CPU
		{7CBB7294-ED76-4036-A0B9-F9568487DE80}.Release|Any CPU.ActiveCfg = Release|Any CPU
		{7CBB7294-ED76-4036-A0B9-F9568487DE80}.Release|Any CPU.Build.0 = Release|Any CPU
	EndGlobalSection
	GlobalSection(SolutionProperties) = preSolution
		HideSolutionNode = FALSE
	EndGlobalSection
	GlobalSection(ExtensibilityGlobals) = postSolution
		SolutionGuid = {806A9AC9-8B69-4D37-BAC4-202C5E4C70B8}
	EndGlobalSection
EndGlobal
